
Microsoft Visual Studio Solution File, Format Version 12.00
# Visual Studio Version 16
VisualStudioVersion = 16.0.29609.76
MinimumVisualStudioVersion = 10.0.40219.1
Project("{2150E333-8FDC-42A3-9474-1A3956D46DE8}") = "Solution Items", "Solution Items", "{F9097D4E-478A-4480-808E-4DF5D422E614}"
	ProjectSection(SolutionItems) = preProject
		.editorconfig = .editorconfig
		Analyzers.ruleset = Analyzers.ruleset
		Directory.Build.Props = Directory.Build.Props
		Directory.Build.Targets = Directory.Build.Targets
		stylecop.json = stylecop.json
	EndProjectSection
EndProject
Project("{2150E333-8FDC-42A3-9474-1A3956D46DE8}") = "test", "test", "{CD219B59-99C9-4462-8B3A-FF441429CDDC}"
	ProjectSection(SolutionItems) = preProject
		test\Analyzers.Tests.ruleset = test\Analyzers.Tests.ruleset
		test\Directory.Build.Props = test\Directory.Build.Props
	EndProjectSection
EndProject
Project("{9A19103F-16F7-4668-BE54-9A1E7A4F7556}") = "ClrPro.Extensions.System", "src\ClrPro.Extensions.System\ClrPro.Extensions.System.csproj", "{4637BE32-52FE-4FC8-9DB3-B73D511A8378}"
EndProject
Project("{9A19103F-16F7-4668-BE54-9A1E7A4F7556}") = "ClrPro.ESharp", "src\ClrPro.ESharp\ClrPro.ESharp.csproj", "{1E2FA561-6841-4CAA-9C8F-C719586037C3}"
EndProject
Project("{9A19103F-16F7-4668-BE54-9A1E7A4F7556}") = "ClrPro.ESharp.Tests", "test\ClrPro.ESharp.Tests\ClrPro.ESharp.Tests.csproj", "{D5525A2E-D27B-4895-A511-ED85538D176F}"
EndProject
Project("{9A19103F-16F7-4668-BE54-9A1E7A4F7556}") = "ClrPro.Extensions.System.Tests", "test\ClrPro.Extensions.System.Tests\ClrPro.Extensions.System.Tests.csproj", "{22BAC9D2-0F3C-418E-9F89-2FD1E5678F8C}"
EndProject
Project("{9A19103F-16F7-4668-BE54-9A1E7A4F7556}") = "ClrPro.Extensions.Threading", "src\ClrPro.Extensions.Threading\ClrPro.Extensions.Threading.csproj", "{AD966448-B0B0-4F1D-A207-E98276FE18AE}"
EndProject
Project("{9A19103F-16F7-4668-BE54-9A1E7A4F7556}") = "ClrPro.Extensions.Threading.Tests", "test\ClrPro.Extensions.Threading.Tests\ClrPro.Extensions.Threading.Tests.csproj", "{F42AD230-B4DB-4F1F-A4D4-4E7A8AD5FA04}"
EndProject
Project("{9A19103F-16F7-4668-BE54-9A1E7A4F7556}") = "ClrPro.Extensions.Threading.Benchmarks", "benchmarks\ClrPro.Extensions.Threading.Benchmarks\ClrPro.Extensions.Threading.Benchmarks.csproj", "{ABD672BC-EFC0-478C-8A53-71B39A8258F4}"
EndProject
Project("{9A19103F-16F7-4668-BE54-9A1E7A4F7556}") = "ClrPro.Extensions.NetStandard", "src\ClrPro.Extensions.NetStandard\ClrPro.Extensions.NetStandard.csproj", "{0E05B67C-653F-4748-B646-346D849BC8D1}"
EndProject
Project("{2150E333-8FDC-42A3-9474-1A3956D46DE8}") = "benchmarks", "benchmarks", "{E54AFA1E-E90A-4279-A749-C0262A6F5DFA}"
	ProjectSection(SolutionItems) = preProject
		benchmarks\Directory.Build.Props = benchmarks\Directory.Build.Props
	EndProjectSection
EndProject
Project("{9A19103F-16F7-4668-BE54-9A1E7A4F7556}") = "ClrPro.Extensions.System.Benchmarks", "benchmarks\ClrPro.Extensions.System.Benchmarks\ClrPro.Extensions.System.Benchmarks.csproj", "{96154659-B863-4F46-8542-2C2EB727DB92}"
EndProject
Project("{9A19103F-16F7-4668-BE54-9A1E7A4F7556}") = "ClrPro.Extensions.System.Closeable", "src\ClrPro.Extensions.System.Closeable\ClrPro.Extensions.System.Closeable.csproj", "{54557FF0-4E26-46FF-BC48-549A548AC84D}"
EndProject
Project("{9A19103F-16F7-4668-BE54-9A1E7A4F7556}") = "ClrPro.Extensions.BusinessDomain.Abstractions", "src\ClrPro.Extensions.BusinessDomain.Abstractions\ClrPro.Extensions.BusinessDomain.Abstractions.csproj", "{DCD89583-DDFA-40C4-AA1F-E575BCF1EE56}"
EndProject
Project("{9A19103F-16F7-4668-BE54-9A1E7A4F7556}") = "ClrPro.Extensions.ObjectModel", "src\ClrPro.Extensions.ObjectModel\ClrPro.Extensions.ObjectModel.csproj", "{34FB1115-9405-4877-A7E7-4E68C9F1ADC8}"
EndProject
Project("{9A19103F-16F7-4668-BE54-9A1E7A4F7556}") = "ClrPro.Extensions.Threading.Atomics", "src\ClrPro.Extensions.Threading.Atomics\ClrPro.Extensions.Threading.Atomics.csproj", "{151AEAFB-026B-4B0E-8F94-72D798CAF207}"
EndProject
Project("{FAE04EC0-301F-11D3-BF4B-00C04F79EFBC}") = "ClrPro.Extensions.Threading.Tasks", "src\ClrPro.Extensions.Threading.Tasks\ClrPro.Extensions.Threading.Tasks.csproj", "{F7CC4A7A-FB12-4207-88B6-74D8F2DC1A48}"
EndProject
Global
	GlobalSection(SolutionConfigurationPlatforms) = preSolution
		Debug|Any CPU = Debug|Any CPU
		Release|Any CPU = Release|Any CPU
	EndGlobalSection
	GlobalSection(ProjectConfigurationPlatforms) = postSolution
		{4637BE32-52FE-4FC8-9DB3-B73D511A8378}.Debug|Any CPU.ActiveCfg = Debug|Any CPU
		{4637BE32-52FE-4FC8-9DB3-B73D511A8378}.Debug|Any CPU.Build.0 = Debug|Any CPU
		{4637BE32-52FE-4FC8-9DB3-B73D511A8378}.Release|Any CPU.ActiveCfg = Release|Any CPU
		{4637BE32-52FE-4FC8-9DB3-B73D511A8378}.Release|Any CPU.Build.0 = Release|Any CPU
		{1E2FA561-6841-4CAA-9C8F-C719586037C3}.Debug|Any CPU.ActiveCfg = Debug|Any CPU
		{1E2FA561-6841-4CAA-9C8F-C719586037C3}.Debug|Any CPU.Build.0 = Debug|Any CPU
		{1E2FA561-6841-4CAA-9C8F-C719586037C3}.Release|Any CPU.ActiveCfg = Release|Any CPU
		{1E2FA561-6841-4CAA-9C8F-C719586037C3}.Release|Any CPU.Build.0 = Release|Any CPU
		{D5525A2E-D27B-4895-A511-ED85538D176F}.Debug|Any CPU.ActiveCfg = Debug|Any CPU
		{D5525A2E-D27B-4895-A511-ED85538D176F}.Debug|Any CPU.Build.0 = Debug|Any CPU
		{D5525A2E-D27B-4895-A511-ED85538D176F}.Release|Any CPU.ActiveCfg = Release|Any CPU
		{D5525A2E-D27B-4895-A511-ED85538D176F}.Release|Any CPU.Build.0 = Release|Any CPU
		{22BAC9D2-0F3C-418E-9F89-2FD1E5678F8C}.Debug|Any CPU.ActiveCfg = Debug|Any CPU
		{22BAC9D2-0F3C-418E-9F89-2FD1E5678F8C}.Debug|Any CPU.Build.0 = Debug|Any CPU
		{22BAC9D2-0F3C-418E-9F89-2FD1E5678F8C}.Release|Any CPU.ActiveCfg = Release|Any CPU
		{22BAC9D2-0F3C-418E-9F89-2FD1E5678F8C}.Release|Any CPU.Build.0 = Release|Any CPU
		{AD966448-B0B0-4F1D-A207-E98276FE18AE}.Debug|Any CPU.ActiveCfg = Debug|Any CPU
		{AD966448-B0B0-4F1D-A207-E98276FE18AE}.Debug|Any CPU.Build.0 = Debug|Any CPU
		{AD966448-B0B0-4F1D-A207-E98276FE18AE}.Release|Any CPU.ActiveCfg = Release|Any CPU
		{AD966448-B0B0-4F1D-A207-E98276FE18AE}.Release|Any CPU.Build.0 = Release|Any CPU
		{F42AD230-B4DB-4F1F-A4D4-4E7A8AD5FA04}.Debug|Any CPU.ActiveCfg = Debug|Any CPU
		{F42AD230-B4DB-4F1F-A4D4-4E7A8AD5FA04}.Debug|Any CPU.Build.0 = Debug|Any CPU
		{F42AD230-B4DB-4F1F-A4D4-4E7A8AD5FA04}.Release|Any CPU.ActiveCfg = Release|Any CPU
		{F42AD230-B4DB-4F1F-A4D4-4E7A8AD5FA04}.Release|Any CPU.Build.0 = Release|Any CPU
		{ABD672BC-EFC0-478C-8A53-71B39A8258F4}.Debug|Any CPU.ActiveCfg = Debug|Any CPU
		{ABD672BC-EFC0-478C-8A53-71B39A8258F4}.Debug|Any CPU.Build.0 = Debug|Any CPU
		{ABD672BC-EFC0-478C-8A53-71B39A8258F4}.Release|Any CPU.ActiveCfg = Release|Any CPU
		{ABD672BC-EFC0-478C-8A53-71B39A8258F4}.Release|Any CPU.Build.0 = Release|Any CPU
		{0E05B67C-653F-4748-B646-346D849BC8D1}.Debug|Any CPU.ActiveCfg = Debug|Any CPU
		{0E05B67C-653F-4748-B646-346D849BC8D1}.Debug|Any CPU.Build.0 = Debug|Any CPU
		{0E05B67C-653F-4748-B646-346D849BC8D1}.Release|Any CPU.ActiveCfg = Release|Any CPU
		{0E05B67C-653F-4748-B646-346D849BC8D1}.Release|Any CPU.Build.0 = Release|Any CPU
		{96154659-B863-4F46-8542-2C2EB727DB92}.Debug|Any CPU.ActiveCfg = Debug|Any CPU
		{96154659-B863-4F46-8542-2C2EB727DB92}.Debug|Any CPU.Build.0 = Debug|Any CPU
		{96154659-B863-4F46-8542-2C2EB727DB92}.Release|Any CPU.ActiveCfg = Release|Any CPU
		{96154659-B863-4F46-8542-2C2EB727DB92}.Release|Any CPU.Build.0 = Release|Any CPU
		{54557FF0-4E26-46FF-BC48-549A548AC84D}.Debug|Any CPU.ActiveCfg = Debug|Any CPU
		{54557FF0-4E26-46FF-BC48-549A548AC84D}.Debug|Any CPU.Build.0 = Debug|Any CPU
		{54557FF0-4E26-46FF-BC48-549A548AC84D}.Release|Any CPU.ActiveCfg = Release|Any CPU
		{54557FF0-4E26-46FF-BC48-549A548AC84D}.Release|Any CPU.Build.0 = Release|Any CPU
		{DCD89583-DDFA-40C4-AA1F-E575BCF1EE56}.Debug|Any CPU.ActiveCfg = Debug|Any CPU
		{DCD89583-DDFA-40C4-AA1F-E575BCF1EE56}.Debug|Any CPU.Build.0 = Debug|Any CPU
		{DCD89583-DDFA-40C4-AA1F-E575BCF1EE56}.Release|Any CPU.ActiveCfg = Release|Any CPU
		{DCD89583-DDFA-40C4-AA1F-E575BCF1EE56}.Release|Any CPU.Build.0 = Release|Any CPU
		{34FB1115-9405-4877-A7E7-4E68C9F1ADC8}.Debug|Any CPU.ActiveCfg = Debug|Any CPU
		{34FB1115-9405-4877-A7E7-4E68C9F1ADC8}.Debug|Any CPU.Build.0 = Debug|Any CPU
		{34FB1115-9405-4877-A7E7-4E68C9F1ADC8}.Release|Any CPU.ActiveCfg = Release|Any CPU
		{34FB1115-9405-4877-A7E7-4E68C9F1ADC8}.Release|Any CPU.Build.0 = Release|Any CPU
		{151AEAFB-026B-4B0E-8F94-72D798CAF207}.Debug|Any CPU.ActiveCfg = Debug|Any CPU
		{151AEAFB-026B-4B0E-8F94-72D798CAF207}.Debug|Any CPU.Build.0 = Debug|Any CPU
		{151AEAFB-026B-4B0E-8F94-72D798CAF207}.Release|Any CPU.ActiveCfg = Release|Any CPU
		{151AEAFB-026B-4B0E-8F94-72D798CAF207}.Release|Any CPU.Build.0 = Release|Any CPU
		{F7CC4A7A-FB12-4207-88B6-74D8F2DC1A48}.Debug|Any CPU.ActiveCfg = Debug|Any CPU
		{F7CC4A7A-FB12-4207-88B6-74D8F2DC1A48}.Debug|Any CPU.Build.0 = Debug|Any CPU
		{F7CC4A7A-FB12-4207-88B6-74D8F2DC1A48}.Release|Any CPU.ActiveCfg = Release|Any CPU
		{F7CC4A7A-FB12-4207-88B6-74D8F2DC1A48}.Release|Any CPU.Build.0 = Release|Any CPU
	EndGlobalSection
	GlobalSection(SolutionProperties) = preSolution
		HideSolutionNode = FALSE
	EndGlobalSection
	GlobalSection(NestedProjects) = preSolution
		{CD219B59-99C9-4462-8B3A-FF441429CDDC} = {F9097D4E-478A-4480-808E-4DF5D422E614}
		{E54AFA1E-E90A-4279-A749-C0262A6F5DFA} = {F9097D4E-478A-4480-808E-4DF5D422E614}
	EndGlobalSection
	GlobalSection(ExtensibilityGlobals) = postSolution
		SolutionGuid = {3D0534A0-0A57-41B9-AB79-44C2CE60AE91}
	EndGlobalSection
EndGlobal
